#MicroXplorer Configuration settings - do not modify
Dma.Request0=USART3_RX
Dma.Request1=USART2_RX
Dma.RequestsNb=2
Dma.USART2_RX.1.Direction=DMA_PERIPH_TO_MEMORY
Dma.USART2_RX.1.Instance=DMA1_Channel6
Dma.USART2_RX.1.MemDataAlignment=DMA_MDATAALIGN_BYTE
Dma.USART2_RX.1.MemInc=DMA_MINC_ENABLE
Dma.USART2_RX.1.Mode=DMA_CIRCULAR
Dma.USART2_RX.1.PeriphDataAlignment=DMA_PDATAALIGN_BYTE
Dma.USART2_RX.1.PeriphInc=DMA_PINC_DISABLE
Dma.USART2_RX.1.Priority=DMA_PRIORITY_LOW
Dma.USART2_RX.1.RequestParameters=Instance,Direction,PeriphInc,MemInc,PeriphDataAlignment,MemDataAlignment,Mode,Priority
Dma.USART3_RX.0.Direction=DMA_PERIPH_TO_MEMORY
Dma.USART3_RX.0.Instance=DMA1_Channel3
Dma.USART3_RX.0.MemDataAlignment=DMA_MDATAALIGN_BYTE
Dma.USART3_RX.0.MemInc=DMA_MINC_ENABLE
Dma.USART3_RX.0.Mode=DMA_CIRCULAR
Dma.USART3_RX.0.PeriphDataAlignment=DMA_PDATAALIGN_BYTE
Dma.USART3_RX.0.PeriphInc=DMA_PINC_DISABLE
Dma.USART3_RX.0.Priority=DMA_PRIORITY_LOW
Dma.USART3_RX.0.RequestParameters=Instance,Direction,PeriphInc,MemInc,PeriphDataAlignment,MemDataAlignment,Mode,Priority
File.Version=6
KeepUserPlacement=false
Mcu.CPN=STM32F103C8T6
Mcu.Family=STM32F1
Mcu.IP0=DMA
Mcu.IP1=NVIC
Mcu.IP2=RCC
Mcu.IP3=SYS
Mcu.IP4=TIM2
Mcu.IP5=TIM3
Mcu.IP6=USART2
Mcu.IP7=USART3
Mcu.IP8=USB
Mcu.IP9=USB_DEVICE
Mcu.IPNb=10
Mcu.Name=STM32F103C(8-B)Tx
Mcu.Package=LQFP48
Mcu.Pin0=PC13-TAMPER-RTC
Mcu.Pin1=PC14-OSC32_IN
Mcu.Pin10=PA5
Mcu.Pin11=PA6
Mcu.Pin12=PA7
Mcu.Pin13=PB0
Mcu.Pin14=PB10
Mcu.Pin15=PB11
Mcu.Pin16=PB12
Mcu.Pin17=PB13
Mcu.Pin18=PB14
Mcu.Pin19=PB15
Mcu.Pin2=PC15-OSC32_OUT
Mcu.Pin20=PA8
Mcu.Pin21=PA9
Mcu.Pin22=PA10
Mcu.Pin23=PA11
Mcu.Pin24=PA12
Mcu.Pin25=PA13
Mcu.Pin26=PA14
Mcu.Pin27=PA15
Mcu.Pin28=PB3
Mcu.Pin29=PB5
Mcu.Pin3=PD0-OSC_IN
Mcu.Pin30=PB8
Mcu.Pin31=PB9
Mcu.Pin32=VP_SYS_VS_Systick
Mcu.Pin33=VP_USB_DEVICE_VS_USB_DEVICE_CDC_FS
Mcu.Pin4=PD1-OSC_OUT
Mcu.Pin5=PA0-WKUP
Mcu.Pin6=PA1
Mcu.Pin7=PA2
Mcu.Pin8=PA3
Mcu.Pin9=PA4
Mcu.PinsNb=34
Mcu.ThirdPartyNb=0
Mcu.UserConstants=
Mcu.UserName=STM32F103C8Tx
MxCube.Version=6.5.0
MxDb.Version=DB.6.0.50
NVIC.BusFault_IRQn=true\:0\:0\:false\:false\:true\:false\:false\:true
NVIC.DMA1_Channel3_IRQn=true\:0\:0\:false\:false\:true\:false\:true\:true
NVIC.DMA1_Channel6_IRQn=true\:0\:0\:false\:false\:true\:false\:true\:true
NVIC.DebugMonitor_IRQn=true\:0\:0\:false\:false\:true\:false\:false\:true
NVIC.ForceEnableDMAVector=true
NVIC.HardFault_IRQn=true\:0\:0\:false\:false\:true\:false\:false\:true
NVIC.MemoryManagement_IRQn=true\:0\:0\:false\:false\:true\:false\:false\:true
NVIC.NonMaskableInt_IRQn=true\:0\:0\:false\:false\:true\:false\:false\:true
NVIC.PendSV_IRQn=true\:0\:0\:false\:false\:true\:false\:false\:true
NVIC.PriorityGroup=NVIC_PRIORITYGROUP_4
NVIC.SVCall_IRQn=true\:0\:0\:false\:false\:true\:false\:false\:true
NVIC.SysTick_IRQn=true\:0\:0\:false\:false\:true\:false\:true\:true
NVIC.USART2_IRQn=true\:0\:0\:false\:false\:true\:true\:true\:true
NVIC.USART3_IRQn=true\:0\:0\:false\:false\:true\:true\:true\:true
NVIC.USB_LP_CAN1_RX0_IRQn=true\:0\:0\:false\:false\:true\:false\:true\:true
NVIC.UsageFault_IRQn=true\:0\:0\:false\:false\:true\:false\:false\:true
PA0-WKUP.GPIOParameters=GPIO_Label
PA0-WKUP.GPIO_Label=LED17
PA0-WKUP.Locked=true
PA0-WKUP.Signal=GPIO_Output
PA1.GPIOParameters=GPIO_Label
PA1.GPIO_Label=LED16
PA1.Locked=true
PA1.Signal=GPIO_Output
PA10.GPIOParameters=GPIO_Label
PA10.GPIO_Label=LED4
PA10.Locked=true
PA10.Signal=GPIO_Output
PA11.Mode=Device
PA11.Signal=USB_DM
PA12.Mode=Device
PA12.Signal=USB_DP
PA13.Mode=Serial_Wire
PA13.Signal=SYS_JTMS-SWDIO
PA14.Mode=Serial_Wire
PA14.Signal=SYS_JTCK-SWCLK
PA15.GPIOParameters=GPIO_Label
PA15.GPIO_Label=LED3
PA15.Locked=true
PA15.Signal=GPIO_Output
PA2.Mode=Asynchronous
PA2.Signal=USART2_TX
PA3.Mode=Asynchronous
PA3.Signal=USART2_RX
PA4.GPIOParameters=GPIO_Label
PA4.GPIO_Label=LED15
PA4.Locked=true
PA4.Signal=GPIO_Output
PA5.GPIOParameters=GPIO_Label
PA5.GPIO_Label=LED14
PA5.Locked=true
PA5.Signal=GPIO_Output
PA6.GPIOParameters=GPIO_Label
PA6.GPIO_Label=LED13
PA6.Locked=true
PA6.Signal=GPIO_Output
PA7.GPIOParameters=GPIO_Label
PA7.GPIO_Label=LED12
PA7.Locked=true
PA7.Signal=GPIO_Output
PA8.GPIOParameters=GPIO_Label
PA8.GPIO_Label=LED6
PA8.Locked=true
PA8.Signal=GPIO_Output
PA9.GPIOParameters=GPIO_Label
PA9.GPIO_Label=LED5
PA9.Locked=true
PA9.Signal=GPIO_Output
PB0.GPIOParameters=GPIO_Label
PB0.GPIO_Label=LED11
PB0.Locked=true
PB0.Signal=GPIO_Output
PB10.Mode=Asynchronous
PB10.Signal=USART3_TX
PB11.Mode=Asynchronous
PB11.Signal=USART3_RX
PB12.GPIOParameters=GPIO_Label
PB12.GPIO_Label=LED10
PB12.Locked=true
PB12.Signal=GPIO_Output
PB13.GPIOParameters=GPIO_Label
PB13.GPIO_Label=LED9
PB13.Locked=true
PB13.Signal=GPIO_Output
PB14.GPIOParameters=GPIO_Label
PB14.GPIO_Label=LED8
PB14.Locked=true
PB14.Signal=GPIO_Output
PB15.GPIOParameters=GPIO_Label
PB15.GPIO_Label=LED7
PB15.Locked=true
PB15.Signal=GPIO_Output
PB3.Signal=S_TIM2_CH2
PB5.Signal=S_TIM3_CH2
PB8.GPIOParameters=GPIO_Label
PB8.GPIO_Label=LED2
PB8.Locked=true
PB8.Signal=GPIO_Output
PB9.GPIOParameters=GPIO_Label
PB9.GPIO_Label=LED1
PB9.Locked=true
PB9.Signal=GPIO_Output
PC13-TAMPER-RTC.GPIOParameters=GPIO_Label
PC13-TAMPER-RTC.GPIO_Label=LED20
PC13-TAMPER-RTC.Locked=true
PC13-TAMPER-RTC.Signal=GPIO_Output
PC14-OSC32_IN.GPIOParameters=GPIO_Label
PC14-OSC32_IN.GPIO_Label=LED19
PC14-OSC32_IN.Locked=true
PC14-OSC32_IN.Signal=GPIO_Output
PC15-OSC32_OUT.GPIOParameters=GPIO_Label
PC15-OSC32_OUT.GPIO_Label=LED18
PC15-OSC32_OUT.Locked=true
PC15-OSC32_OUT.Signal=GPIO_Output
PD0-OSC_IN.Mode=HSE-External-Oscillator
PD0-OSC_IN.Signal=RCC_OSC_IN
PD1-OSC_OUT.Mode=HSE-External-Oscillator
PD1-OSC_OUT.Signal=RCC_OSC_OUT
PinOutPanel.RotationAngle=0
ProjectManager.AskForMigrate=true
ProjectManager.BackupPrevious=false
ProjectManager.CompilerOptimize=6
ProjectManager.ComputerToolchain=false
ProjectManager.CoupleFile=false
ProjectManager.CustomerFirmwarePackage=
ProjectManager.DefaultFWLocation=true
ProjectManager.DeletePrevious=true
ProjectManager.DeviceId=STM32F103C8Tx
ProjectManager.FirmwarePackage=STM32Cube FW_F1 V1.8.4
ProjectManager.FreePins=false
ProjectManager.HalAssertFull=false
ProjectManager.HeapSize=0x200
ProjectManager.KeepUserCode=true
ProjectManager.LastFirmware=true
ProjectManager.LibraryCopy=1
ProjectManager.MainLocation=Core/Src
ProjectManager.NoMain=false
ProjectManager.PreviousToolchain=TrueSTUDIO
ProjectManager.ProjectBuild=false
ProjectManager.ProjectFileName=f103-neurosky.ioc
ProjectManager.ProjectName=f103-neurosky
ProjectManager.RegisterCallBack=
ProjectManager.StackSize=0x400
ProjectManager.TargetToolchain=STM32CubeIDE
ProjectManager.ToolChainLocation=
ProjectManager.UnderRoot=true
ProjectManager.functionlistsort=1-MX_GPIO_Init-GPIO-false-HAL-true,2-MX_DMA_Init-DMA-false-HAL-true,3-SystemClock_Config-RCC-false-HAL-false,4-MX_USB_DEVICE_Init-USB_DEVICE-false-HAL-false,5-MX_USART3_UART_Init-USART3-false-HAL-true,6-MX_USART2_UART_Init-USART2-false-HAL-true,7-MX_TIM3_Init-TIM3-false-HAL-true,8-MX_TIM2_Init-TIM2-false-HAL-true
RCC.ADCFreqValue=36000000
RCC.AHBFreq_Value=72000000
RCC.APB1CLKDivider=RCC_HCLK_DIV2
RCC.APB1Freq_Value=36000000
RCC.APB1TimFreq_Value=72000000
RCC.APB2Freq_Value=72000000
RCC.APB2TimFreq_Value=72000000
RCC.FCLKCortexFreq_Value=72000000
RCC.FamilyName=M
RCC.HCLKFreq_Value=72000000
RCC.IPParameters=ADCFreqValue,AHBFreq_Value,APB1CLKDivider,APB1Freq_Value,APB1TimFreq_Value,APB2Freq_Value,APB2TimFreq_Value,FCLKCortexFreq_Value,FamilyName,HCLKFreq_Value,MCOFreq_Value,PLLCLKFreq_Value,PLLMCOFreq_Value,PLLMUL,SYSCLKFreq_VALUE,SYSCLKSource,TimSysFreq_Value,USBFreq_Value,USBPrescaler,VCOOutput2Freq_Value
RCC.MCOFreq_Value=72000000
RCC.PLLCLKFreq_Value=72000000
RCC.PLLMCOFreq_Value=36000000
RCC.PLLMUL=RCC_PLL_MUL9
RCC.SYSCLKFreq_VALUE=72000000
RCC.SYSCLKSource=RCC_SYSCLKSOURCE_PLLCLK
RCC.TimSysFreq_Value=72000000
RCC.USBFreq_Value=48000000
RCC.USBPrescaler=RCC_USBCLKSOURCE_PLL_DIV1_5
RCC.VCOOutput2Freq_Value=8000000
SH.S_TIM2_CH2.0=TIM2_CH2,PWM Generation2 CH2
SH.S_TIM2_CH2.ConfNb=1
SH.S_TIM3_CH2.0=TIM3_CH2,PWM Generation2 CH2
SH.S_TIM3_CH2.ConfNb=1
TIM2.Channel-PWM\ Generation2\ CH2=TIM_CHANNEL_2
TIM2.IPParameters=Channel-PWM Generation2 CH2,Prescaler,Period,Pulse-PWM Generation2 CH2
TIM2.Period=255
TIM2.Prescaler=281
TIM2.Pulse-PWM\ Generation2\ CH2=255
TIM3.Channel-PWM\ Generation2\ CH2=TIM_CHANNEL_2
TIM3.IPParameters=Channel-PWM Generation2 CH2,Prescaler,Period,Pulse-PWM Generation2 CH2
TIM3.Period=255
TIM3.Prescaler=281
TIM3.Pulse-PWM\ Generation2\ CH2=255
USART2.BaudRate=57600
USART2.IPParameters=VirtualMode,Mode,BaudRate
USART2.Mode=MODE_RX
USART2.VirtualMode=VM_ASYNC
USART3.BaudRate=57600
USART3.IPParameters=VirtualMode,BaudRate,Mode
USART3.Mode=MODE_RX
USART3.VirtualMode=VM_ASYNC
USB_DEVICE.CLASS_NAME_FS=CDC
USB_DEVICE.IPParameters=VirtualMode,VirtualModeFS,CLASS_NAME_FS
USB_DEVICE.VirtualMode=Cdc
USB_DEVICE.VirtualModeFS=Cdc_FS
VP_SYS_VS_Systick.Mode=SysTick
VP_SYS_VS_Systick.Signal=SYS_VS_Systick
VP_USB_DEVICE_VS_USB_DEVICE_CDC_FS.Mode=CDC_FS
VP_USB_DEVICE_VS_USB_DEVICE_CDC_FS.Signal=USB_DEVICE_VS_USB_DEVICE_CDC_FS
board=custom
isbadioc=false
